# This file is automatically @generated by Cargo.
# It is not intended for manual editing.
[[package]]
name = "proc-macro2"
version = "1.0.24"
source = "registry+https://github.com/rust-lang/crates.io-index"
checksum = "1e0704ee1a7e00d7bb417d0770ea303c1bccbabf0ef1667dae92b5967f5f8a71"
dependencies = [
 "unicode-xid",
]

[[package]]
name = "quote"
version = "1.0.7"
source = "registry+https://github.com/rust-lang/crates.io-index"
checksum = "aa563d17ecb180e500da1cfd2b028310ac758de548efdd203e18f283af693f37"
dependencies = [
 "proc-macro2",
]

[[package]]
name = "rust-win32-test"
version = "0.1.0"
dependencies = [
 "win32",
]

[[package]]
name = "squote"
version = "0.1.2"
source = "registry+https://github.com/rust-lang/crates.io-index"
checksum = "1fccf17fd09e2455ea796d2ad267b64fa2c5cbd8701b2a93b555d2aa73449f7d"

[[package]]
name = "syn"
version = "1.0.48"
source = "registry+https://github.com/rust-lang/crates.io-index"
checksum = "cc371affeffc477f42a221a1e4297aedcea33d47d19b61455588bd9d8f6b19ac"
dependencies = [
 "proc-macro2",
 "quote",
 "unicode-xid",
]

[[package]]
name = "unicode-xid"
version = "0.2.1"
source = "registry+https://github.com/rust-lang/crates.io-index"
checksum = "f7fe0bb3479651439c9112f72b6c505038574c9fbb575ed1bf3b797fa39dd564"

[[package]]
name = "win32"
version = "0.1.0"
source = "git+https://github.com/microsoft/win32-rs.git#7dc143ee72687f2a5f3a420202c36a95493e6d9c"
dependencies = [
 "win32-gen",
]

[[package]]
name = "win32-gen"
version = "0.1.0"
source = "git+https://github.com/microsoft/win32-rs.git#7dc143ee72687f2a5f3a420202c36a95493e6d9c"
dependencies = [
 "squote",
 "winmd",
]

[[package]]
name = "winmd"
version = "0.5.0"
source = "registry+https://github.com/rust-lang/crates.io-index"
checksum = "463cc556cfe827d918c903818fd07f96c802d14fa8174242c26863d33714ffdf"
dependencies = [
 "winmd-macros",
]

[[package]]
name = "winmd-macros"
version = "0.5.0"
source = "registry+https://github.com/rust-lang/crates.io-index"
checksum = "b3b40684a97b141cccb473d5575c855ff0bbeef6a28b48c59a0be255bed49e8c"
dependencies = [
 "proc-macro2",
 "quote",
 "syn",
]
